
Microsoft Visual Studio Solution File, Format Version 12.00
# Visual Studio Version 17
VisualStudioVersion = 17.3.32929.385
MinimumVisualStudioVersion = 10.0.40219.1
Project("{8BC9CEB8-8B4A-11D0-8D11-00A0C91BC942}") = "CPPVersionControl", "CPPVersionControl\CPPVersionControl.vcxproj", "{122EBEC9-82B4-4C5E-BC89-33A3A9D3E3AA}"
EndProject
Global
	GlobalSection(SolutionConfigurationPlatforms) = preSolution
		Debug|x64 = Debug|x64
		Debug|x86 = Debug|x86
		Release|x64 = Release|x64
		Release|x86 = Release|x86
	EndGlobalSection
	GlobalSection(ProjectConfigurationPlatforms) = postSolution
		{122EBEC9-82B4-4C5E-BC89-33A3A9D3E3AA}.Debug|x64.ActiveCfg = Debug|x64
		{122EBEC9-82B4-4C5E-BC89-33A3A9D3E3AA}.Debug|x64.Build.0 = Debug|x64
		{122EBEC9-82B4-4C5E-BC89-33A3A9D3E3AA}.Debug|x86.ActiveCfg = Debug|Win32
		{122EBEC9-82B4-4C5E-BC89-33A3A9D3E3AA}.Debug|x86.Build.0 = Debug|Win32
		{122EBEC9-82B4-4C5E-BC89-33A3A9D3E3AA}.Release|x64.ActiveCfg = Release|x64
		{122EBEC9-82B4-4C5E-BC89-33A3A9D3E3AA}.Release|x64.Build.0 = Release|x64
		{122EBEC9-82B4-4C5E-BC89-33A3A9D3E3AA}.Release|x86.ActiveCfg = Release|Win32
		{122EBEC9-82B4-4C5E-BC89-33A3A9D3E3AA}.Release|x86.Build.0 = Release|Win32
	EndGlobalSection
	GlobalSection(SolutionProperties) = preSolution
		HideSolutionNode = FALSE
	EndGlobalSection
	GlobalSection(ExtensibilityGlobals) = postSolution
		SolutionGuid = {8A0E7443-6A3B-47C2-9E43-D8156B350E35}
	EndGlobalSection
EndGlobal
